
Microsoft Visual Studio Solution File, Format Version 12.00
# Visual Studio Version 16
VisualStudioVersion = 16.0.29609.76
MinimumVisualStudioVersion = 10.0.40219.1
Project("{FAE04EC0-301F-11D3-BF4B-00C04F79EFBC}") = "Misc.Song.ShareClub.DAL", "Misc.Song.ShareClub.DAL\Misc.Song.ShareClub.DAL.csproj", "{FB9F8015-E0C6-461F-BBDE-00673CB2BB84}"
EndProject
Project("{FAE04EC0-301F-11D3-BF4B-00C04F79EFBC}") = "Misc.Song.ShareClub.IDAL", "Misc.Song.ShareClub.IDAL\Misc.Song.ShareClub.IDAL.csproj", "{C2E1C2DE-AB86-46B3-B9E7-174A0E11DBE4}"
EndProject
Project("{FAE04EC0-301F-11D3-BF4B-00C04F79EFBC}") = "Misc.Song.ShareClub.Models", "Misc.Song.ShareClub.Models\Misc.Song.ShareClub.Models.csproj", "{7D31559D-4077-456E-A1D7-EDF2ADCCCC35}"
EndProject
Project("{FAE04EC0-301F-11D3-BF4B-00C04F79EFBC}") = "Misc.Song.ShareClub.UI", "Misc.Song.ShareClub.UI\Misc.Song.ShareClub.UI.csproj", "{9381BC95-5B9B-4BCB-9E98-A6A0C2228761}"
EndProject
Project("{FAE04EC0-301F-11D3-BF4B-00C04F79EFBC}") = "Misc.Song.ShareClub.DataAccess", "Misc.Song.ShareClub.DataAccess\Misc.Song.ShareClub.DataAccess.csproj", "{B1BBC388-2278-4BF6-A0F0-C24FE9558049}"
EndProject
Project("{FAE04EC0-301F-11D3-BF4B-00C04F79EFBC}") = "Misc.Song.ShareClub.IBLL", "Misc.Song.ShareClub.IBLL\Misc.Song.ShareClub.IBLL.csproj", "{87E24867-0A64-49DA-821C-7D787B634ADE}"
EndProject
Project("{FAE04EC0-301F-11D3-BF4B-00C04F79EFBC}") = "Misc.Song.ShareClub.BLL", "Misc.Song.ShareClub.BLL\Misc.Song.ShareClub.BLL.csproj", "{CF5AE5E1-0B04-47ED-A26F-90C9A8C2D5B5}"
EndProject
Global
	GlobalSection(SolutionConfigurationPlatforms) = preSolution
		Debug|Any CPU = Debug|Any CPU
		Release|Any CPU = Release|Any CPU
	EndGlobalSection
	GlobalSection(ProjectConfigurationPlatforms) = postSolution
		{FB9F8015-E0C6-461F-BBDE-00673CB2BB84}.Debug|Any CPU.ActiveCfg = Debug|Any CPU
		{FB9F8015-E0C6-461F-BBDE-00673CB2BB84}.Debug|Any CPU.Build.0 = Debug|Any CPU
		{FB9F8015-E0C6-461F-BBDE-00673CB2BB84}.Release|Any CPU.ActiveCfg = Release|Any CPU
		{FB9F8015-E0C6-461F-BBDE-00673CB2BB84}.Release|Any CPU.Build.0 = Release|Any CPU
		{C2E1C2DE-AB86-46B3-B9E7-174A0E11DBE4}.Debug|Any CPU.ActiveCfg = Debug|Any CPU
		{C2E1C2DE-AB86-46B3-B9E7-174A0E11DBE4}.Debug|Any CPU.Build.0 = Debug|Any CPU
		{C2E1C2DE-AB86-46B3-B9E7-174A0E11DBE4}.Release|Any CPU.ActiveCfg = Release|Any CPU
		{C2E1C2DE-AB86-46B3-B9E7-174A0E11DBE4}.Release|Any CPU.Build.0 = Release|Any CPU
		{7D31559D-4077-456E-A1D7-EDF2ADCCCC35}.Debug|Any CPU.ActiveCfg = Debug|Any CPU
		{7D31559D-4077-456E-A1D7-EDF2ADCCCC35}.Debug|Any CPU.Build.0 = Debug|Any CPU
		{7D31559D-4077-456E-A1D7-EDF2ADCCCC35}.Release|Any CPU.ActiveCfg = Release|Any CPU
		{7D31559D-4077-456E-A1D7-EDF2ADCCCC35}.Release|Any CPU.Build.0 = Release|Any CPU
		{9381BC95-5B9B-4BCB-9E98-A6A0C2228761}.Debug|Any CPU.ActiveCfg = Debug|Any CPU
		{9381BC95-5B9B-4BCB-9E98-A6A0C2228761}.Debug|Any CPU.Build.0 = Debug|Any CPU
		{9381BC95-5B9B-4BCB-9E98-A6A0C2228761}.Release|Any CPU.ActiveCfg = Release|Any CPU
		{9381BC95-5B9B-4BCB-9E98-A6A0C2228761}.Release|Any CPU.Build.0 = Release|Any CPU
		{B1BBC388-2278-4BF6-A0F0-C24FE9558049}.Debug|Any CPU.ActiveCfg = Debug|Any CPU
		{B1BBC388-2278-4BF6-A0F0-C24FE9558049}.Debug|Any CPU.Build.0 = Debug|Any CPU
		{B1BBC388-2278-4BF6-A0F0-C24FE9558049}.Release|Any CPU.ActiveCfg = Release|Any CPU
		{B1BBC388-2278-4BF6-A0F0-C24FE9558049}.Release|Any CPU.Build.0 = Release|Any CPU
		{87E24867-0A64-49DA-821C-7D787B634ADE}.Debug|Any CPU.ActiveCfg = Debug|Any CPU
		{87E24867-0A64-49DA-821C-7D787B634ADE}.Debug|Any CPU.Build.0 = Debug|Any CPU
		{87E24867-0A64-49DA-821C-7D787B634ADE}.Release|Any CPU.ActiveCfg = Release|Any CPU
		{87E24867-0A64-49DA-821C-7D787B634ADE}.Release|Any CPU.Build.0 = Release|Any CPU
		{CF5AE5E1-0B04-47ED-A26F-90C9A8C2D5B5}.Debug|Any CPU.ActiveCfg = Debug|Any CPU
		{CF5AE5E1-0B04-47ED-A26F-90C9A8C2D5B5}.Debug|Any CPU.Build.0 = Debug|Any CPU
		{CF5AE5E1-0B04-47ED-A26F-90C9A8C2D5B5}.Release|Any CPU.ActiveCfg = Release|Any CPU
		{CF5AE5E1-0B04-47ED-A26F-90C9A8C2D5B5}.Release|Any CPU.Build.0 = Release|Any CPU
	EndGlobalSection
	GlobalSection(SolutionProperties) = preSolution
		HideSolutionNode = FALSE
	EndGlobalSection
	GlobalSection(ExtensibilityGlobals) = postSolution
		SolutionGuid = {03797BE8-F617-4811-A7FF-8603722CD307}
	EndGlobalSection
EndGlobal
